// !$*UTF8*$!
{
	archiveVersion = 1;
	classes = {
	};
	objectVersion = 77;
	objects = {

/* Begin PBXBuildFile section */
		5BBF5ABB1237697D0BF8A311 /* Pods_GraySky_GraySkyUITests.framework in Frameworks */ = {isa = PBXBuildFile; fileRef = 8FDD10655A3E61C291086726 /* Pods_GraySky_GraySkyUITests.framework */; };
		85993D2E2D31D3E0004DE7E7 /* README.md in Resources */ = {isa = PBXBuildFile; fileRef = 85993D2D2D31D3E0004DE7E7 /* README.md */; };
		85993D2F2D31D3E0004DE7E7 /* LICENSE.txt in Resources */ = {isa = PBXBuildFile; fileRef = 85993D2C2D31D3E0004DE7E7 /* LICENSE.txt */; };
		92137DEBE5898AE9E0AF26D8 /* Pods_GraySkyTests.framework in Frameworks */ = {isa = PBXBuildFile; fileRef = F452019810BC3E6B9928AB21 /* Pods_GraySkyTests.framework */; };
		D36ED8A17979E0BF50EA696C /* Pods_GraySky.framework in Frameworks */ = {isa = PBXBuildFile; fileRef = 8528B6C4790CDA793CD90E02 /* Pods_GraySky.framework */; };
/* End PBXBuildFile section */

/* Begin PBXContainerItemProxy section */
		85993C532D31D243004DE7E7 /* PBXContainerItemProxy */ = {
			isa = PBXContainerItemProxy;
			containerPortal = 85993C342D31D241004DE7E7 /* Project object */;
			proxyType = 1;
			remoteGlobalIDString = 85993C3B2D31D241004DE7E7;
			remoteInfo = GraySky;
		};
		85993C5D2D31D243004DE7E7 /* PBXContainerItemProxy */ = {
			isa = PBXContainerItemProxy;
			containerPortal = 85993C342D31D241004DE7E7 /* Project object */;
			proxyType = 1;
			remoteGlobalIDString = 85993C3B2D31D241004DE7E7;
			remoteInfo = GraySky;
		};
/* End PBXContainerItemProxy section */

/* Begin PBXFileReference section */
		0724C93357A57CD2E308A807 /* Pods-GraySky-GraySkyUITests.debug.xcconfig */ = {isa = PBXFileReference; includeInIndex = 1; lastKnownFileType = text.xcconfig; name = "Pods-GraySky-GraySkyUITests.debug.xcconfig"; path = "Target Support Files/Pods-GraySky-GraySkyUITests/Pods-GraySky-GraySkyUITests.debug.xcconfig"; sourceTree = "<group>"; };
		11AFF3031CC025CAB5555E6D /* Pods-GraySky.debug.xcconfig */ = {isa = PBXFileReference; includeInIndex = 1; lastKnownFileType = text.xcconfig; name = "Pods-GraySky.debug.xcconfig"; path = "Target Support Files/Pods-GraySky/Pods-GraySky.debug.xcconfig"; sourceTree = "<group>"; };
		15A0EDB19CAC70E4F63096BA /* Pods-GraySkyTests.release.xcconfig */ = {isa = PBXFileReference; includeInIndex = 1; lastKnownFileType = text.xcconfig; name = "Pods-GraySkyTests.release.xcconfig"; path = "Target Support Files/Pods-GraySkyTests/Pods-GraySkyTests.release.xcconfig"; sourceTree = "<group>"; };
		60AAA199546DF7D545033581 /* Pods-GraySkyTests.debug.xcconfig */ = {isa = PBXFileReference; includeInIndex = 1; lastKnownFileType = text.xcconfig; name = "Pods-GraySkyTests.debug.xcconfig"; path = "Target Support Files/Pods-GraySkyTests/Pods-GraySkyTests.debug.xcconfig"; sourceTree = "<group>"; };
		62B5612DB7A0BB878C1DC294 /* Pods-GraySky.release.xcconfig */ = {isa = PBXFileReference; includeInIndex = 1; lastKnownFileType = text.xcconfig; name = "Pods-GraySky.release.xcconfig"; path = "Target Support Files/Pods-GraySky/Pods-GraySky.release.xcconfig"; sourceTree = "<group>"; };
		8528B6C4790CDA793CD90E02 /* Pods_GraySky.framework */ = {isa = PBXFileReference; explicitFileType = wrapper.framework; includeInIndex = 0; path = Pods_GraySky.framework; sourceTree = BUILT_PRODUCTS_DIR; };
		85993C3C2D31D241004DE7E7 /* GraySky.app */ = {isa = PBXFileReference; explicitFileType = wrapper.application; includeInIndex = 0; path = GraySky.app; sourceTree = BUILT_PRODUCTS_DIR; };
		85993C522D31D243004DE7E7 /* GraySkyTests.xctest */ = {isa = PBXFileReference; explicitFileType = wrapper.cfbundle; includeInIndex = 0; path = GraySkyTests.xctest; sourceTree = BUILT_PRODUCTS_DIR; };
		85993C5C2D31D243004DE7E7 /* GraySkyUITests.xctest */ = {isa = PBXFileReference; explicitFileType = wrapper.cfbundle; includeInIndex = 0; path = GraySkyUITests.xctest; sourceTree = BUILT_PRODUCTS_DIR; };
		85993D2C2D31D3E0004DE7E7 /* LICENSE.txt */ = {isa = PBXFileReference; lastKnownFileType = text; path = LICENSE.txt; sourceTree = "<group>"; };
		85993D2D2D31D3E0004DE7E7 /* README.md */ = {isa = PBXFileReference; lastKnownFileType = net.daringfireball.markdown; path = README.md; sourceTree = "<group>"; };
		8FDD10655A3E61C291086726 /* Pods_GraySky_GraySkyUITests.framework */ = {isa = PBXFileReference; explicitFileType = wrapper.framework; includeInIndex = 0; path = Pods_GraySky_GraySkyUITests.framework; sourceTree = BUILT_PRODUCTS_DIR; };
		F452019810BC3E6B9928AB21 /* Pods_GraySkyTests.framework */ = {isa = PBXFileReference; explicitFileType = wrapper.framework; includeInIndex = 0; path = Pods_GraySkyTests.framework; sourceTree = BUILT_PRODUCTS_DIR; };
		FC5317AA4BC764D01BF0C4C7 /* Pods-GraySky-GraySkyUITests.release.xcconfig */ = {isa = PBXFileReference; includeInIndex = 1; lastKnownFileType = text.xcconfig; name = "Pods-GraySky-GraySkyUITests.release.xcconfig"; path = "Target Support Files/Pods-GraySky-GraySkyUITests/Pods-GraySky-GraySkyUITests.release.xcconfig"; sourceTree = "<group>"; };
/* End PBXFileReference section */

/* Begin PBXFileSystemSynchronizedBuildFileExceptionSet section */
		85993C642D31D243004DE7E7 /* Exceptions for "GraySky" folder in "GraySky" target */ = {
			isa = PBXFileSystemSynchronizedBuildFileExceptionSet;
			membershipExceptions = (
				Info.plist,
			);
			target = 85993C3B2D31D241004DE7E7 /* GraySky */;
		};
/* End PBXFileSystemSynchronizedBuildFileExceptionSet section */

/* Begin PBXFileSystemSynchronizedRootGroup section */
		85993C3E2D31D241004DE7E7 /* GraySky */ = {
			isa = PBXFileSystemSynchronizedRootGroup;
			exceptions = (
				85993C642D31D243004DE7E7 /* Exceptions for "GraySky" folder in "GraySky" target */,
			);
			path = GraySky;
			sourceTree = "<group>";
		};
		85993C552D31D243004DE7E7 /* GraySkyTests */ = {
			isa = PBXFileSystemSynchronizedRootGroup;
			path = GraySkyTests;
			sourceTree = "<group>";
		};
		85993C5F2D31D243004DE7E7 /* GraySkyUITests */ = {
			isa = PBXFileSystemSynchronizedRootGroup;
			path = GraySkyUITests;
			sourceTree = "<group>";
		};
/* End PBXFileSystemSynchronizedRootGroup section */

/* Begin PBXFrameworksBuildPhase section */
		85993C392D31D241004DE7E7 /* Frameworks */ = {
			isa = PBXFrameworksBuildPhase;
			buildActionMask = 2147483647;
			files = (
				D36ED8A17979E0BF50EA696C /* Pods_GraySky.framework in Frameworks */,
			);
			runOnlyForDeploymentPostprocessing = 0;
		};
		85993C4F2D31D243004DE7E7 /* Frameworks */ = {
			isa = PBXFrameworksBuildPhase;
			buildActionMask = 2147483647;
			files = (
				92137DEBE5898AE9E0AF26D8 /* Pods_GraySkyTests.framework in Frameworks */,
			);
			runOnlyForDeploymentPostprocessing = 0;
		};
		85993C592D31D243004DE7E7 /* Frameworks */ = {
			isa = PBXFrameworksBuildPhase;
			buildActionMask = 2147483647;
			files = (
				5BBF5ABB1237697D0BF8A311 /* Pods_GraySky_GraySkyUITests.framework in Frameworks */,
			);
			runOnlyForDeploymentPostprocessing = 0;
		};
/* End PBXFrameworksBuildPhase section */

/* Begin PBXGroup section */
		139CB3AC3708C51251D801C5 /* Pods */ = {
			isa = PBXGroup;
			children = (
				11AFF3031CC025CAB5555E6D /* Pods-GraySky.debug.xcconfig */,
				62B5612DB7A0BB878C1DC294 /* Pods-GraySky.release.xcconfig */,
				0724C93357A57CD2E308A807 /* Pods-GraySky-GraySkyUITests.debug.xcconfig */,
				FC5317AA4BC764D01BF0C4C7 /* Pods-GraySky-GraySkyUITests.release.xcconfig */,
				60AAA199546DF7D545033581 /* Pods-GraySkyTests.debug.xcconfig */,
				15A0EDB19CAC70E4F63096BA /* Pods-GraySkyTests.release.xcconfig */,
			);
			path = Pods;
			sourceTree = "<group>";
		};
		1C29E19E6AB3ED456D93BDC6 /* Frameworks */ = {
			isa = PBXGroup;
			children = (
				8528B6C4790CDA793CD90E02 /* Pods_GraySky.framework */,
				8FDD10655A3E61C291086726 /* Pods_GraySky_GraySkyUITests.framework */,
				F452019810BC3E6B9928AB21 /* Pods_GraySkyTests.framework */,
			);
			name = Frameworks;
			sourceTree = "<group>";
		};
		85993C332D31D241004DE7E7 = {
			isa = PBXGroup;
			children = (
				85993D2C2D31D3E0004DE7E7 /* LICENSE.txt */,
				85993D2D2D31D3E0004DE7E7 /* README.md */,
				85993C3E2D31D241004DE7E7 /* GraySky */,
				85993C552D31D243004DE7E7 /* GraySkyTests */,
				85993C5F2D31D243004DE7E7 /* GraySkyUITests */,
				85993C3D2D31D241004DE7E7 /* Products */,
				139CB3AC3708C51251D801C5 /* Pods */,
				1C29E19E6AB3ED456D93BDC6 /* Frameworks */,
			);
			sourceTree = "<group>";
		};
		85993C3D2D31D241004DE7E7 /* Products */ = {
			isa = PBXGroup;
			children = (
				85993C3C2D31D241004DE7E7 /* GraySky.app */,
				85993C522D31D243004DE7E7 /* GraySkyTests.xctest */,
				85993C5C2D31D243004DE7E7 /* GraySkyUITests.xctest */,
			);
			name = Products;
			sourceTree = "<group>";
		};
/* End PBXGroup section */

/* Begin PBXNativeTarget section */
		85993C3B2D31D241004DE7E7 /* GraySky */ = {
			isa = PBXNativeTarget;
			buildConfigurationList = 85993C652D31D243004DE7E7 /* Build configuration list for PBXNativeTarget "GraySky" */;
			buildPhases = (
				22344BAE041723DA43E379AF /* [CP] Check Pods Manifest.lock */,
				85993C382D31D241004DE7E7 /* Sources */,
				85993C392D31D241004DE7E7 /* Frameworks */,
				85993C3A2D31D241004DE7E7 /* Resources */,
				272D45BE3DBECEE03E9D33CA /* [CP] Embed Pods Frameworks */,
			);
			buildRules = (
			);
			dependencies = (
			);
			fileSystemSynchronizedGroups = (
				85993C3E2D31D241004DE7E7 /* GraySky */,
			);
			name = GraySky;
			productName = GraySky;
			productReference = 85993C3C2D31D241004DE7E7 /* GraySky.app */;
			productType = "com.apple.product-type.application";
		};
		85993C512D31D243004DE7E7 /* GraySkyTests */ = {
			isa = PBXNativeTarget;
			buildConfigurationList = 85993C6A2D31D243004DE7E7 /* Build configuration list for PBXNativeTarget "GraySkyTests" */;
			buildPhases = (
				1C95DAB7EDE3F5E02E623F2A /* [CP] Check Pods Manifest.lock */,
				85993C4E2D31D243004DE7E7 /* Sources */,
				85993C4F2D31D243004DE7E7 /* Frameworks */,
				85993C502D31D243004DE7E7 /* Resources */,
			);
			buildRules = (
			);
			dependencies = (
				85993C542D31D243004DE7E7 /* PBXTargetDependency */,
			);
			fileSystemSynchronizedGroups = (
				85993C552D31D243004DE7E7 /* GraySkyTests */,
			);
			name = GraySkyTests;
			productName = GraySkyTests;
			productReference = 85993C522D31D243004DE7E7 /* GraySkyTests.xctest */;
			productType = "com.apple.product-type.bundle.unit-test";
		};
		85993C5B2D31D243004DE7E7 /* GraySkyUITests */ = {
			isa = PBXNativeTarget;
			buildConfigurationList = 85993C6D2D31D243004DE7E7 /* Build configuration list for PBXNativeTarget "GraySkyUITests" */;
			buildPhases = (
				B5BC1E750D9C7A87E5950CB2 /* [CP] Check Pods Manifest.lock */,
				85993C582D31D243004DE7E7 /* Sources */,
				85993C592D31D243004DE7E7 /* Frameworks */,
				85993C5A2D31D243004DE7E7 /* Resources */,
				751F1F95AABC4AE3B7BFFFA0 /* [CP] Embed Pods Frameworks */,
			);
			buildRules = (
			);
			dependencies = (
				85993C5E2D31D243004DE7E7 /* PBXTargetDependency */,
			);
			fileSystemSynchronizedGroups = (
				85993C5F2D31D243004DE7E7 /* GraySkyUITests */,
			);
			name = GraySkyUITests;
			productName = GraySkyUITests;
			productReference = 85993C5C2D31D243004DE7E7 /* GraySkyUITests.xctest */;
			productType = "com.apple.product-type.bundle.ui-testing";
		};
/* End PBXNativeTarget section */

/* Begin PBXProject section */
		85993C342D31D241004DE7E7 /* Project object */ = {
			isa = PBXProject;
			attributes = {
				BuildIndependentTargetsInParallel = 1;
				LastSwiftUpdateCheck = 1620;
				LastUpgradeCheck = 1620;
				TargetAttributes = {
					85993C3B2D31D241004DE7E7 = {
						CreatedOnToolsVersion = 16.2;
					};
					85993C512D31D243004DE7E7 = {
						CreatedOnToolsVersion = 16.2;
						TestTargetID = 85993C3B2D31D241004DE7E7;
					};
					85993C5B2D31D243004DE7E7 = {
						CreatedOnToolsVersion = 16.2;
						TestTargetID = 85993C3B2D31D241004DE7E7;
					};
				};
			};
			buildConfigurationList = 85993C372D31D241004DE7E7 /* Build configuration list for PBXProject "GraySky" */;
			developmentRegion = en;
			hasScannedForEncodings = 0;
			knownRegions = (
				en,
				Base,
			);
			mainGroup = 85993C332D31D241004DE7E7;
			minimizedProjectReferenceProxies = 1;
			preferredProjectObjectVersion = 77;
			productRefGroup = 85993C3D2D31D241004DE7E7 /* Products */;
			projectDirPath = "";
			projectRoot = "";
			targets = (
				85993C3B2D31D241004DE7E7 /* GraySky */,
				85993C512D31D243004DE7E7 /* GraySkyTests */,
				85993C5B2D31D243004DE7E7 /* GraySkyUITests */,
			);
		};
/* End PBXProject section */

/* Begin PBXResourcesBuildPhase section */
		85993C3A2D31D241004DE7E7 /* Resources */ = {
			isa = PBXResourcesBuildPhase;
			buildActionMask = 2147483647;
			files = (
				85993D2E2D31D3E0004DE7E7 /* README.md in Resources */,
				85993D2F2D31D3E0004DE7E7 /* LICENSE.txt in Resources */,
			);
			runOnlyForDeploymentPostprocessing = 0;
		};
		85993C502D31D243004DE7E7 /* Resources */ = {
			isa = PBXResourcesBuildPhase;
			buildActionMask = 2147483647;
			files = (
			);
			runOnlyForDeploymentPostprocessing = 0;
		};
		85993C5A2D31D243004DE7E7 /* Resources */ = {
			isa = PBXResourcesBuildPhase;
			buildActionMask = 2147483647;
			files = (
			);
			runOnlyForDeploymentPostprocessing = 0;
		};
/* End PBXResourcesBuildPhase section */

/* Begin PBXShellScriptBuildPhase section */
		1C95DAB7EDE3F5E02E623F2A /* [CP] Check Pods Manifest.lock */ = {
			isa = PBXShellScriptBuildPhase;
			buildActionMask = 2147483647;
			files = (
			);
			inputFileListPaths = (
			);
			inputPaths = (
				"${PODS_PODFILE_DIR_PATH}/Podfile.lock",
				"${PODS_ROOT}/Manifest.lock",
			);
			name = "[CP] Check Pods Manifest.lock";
			outputFileListPaths = (
			);
			outputPaths = (
				"$(DERIVED_FILE_DIR)/Pods-GraySkyTests-checkManifestLockResult.txt",
			);
			runOnlyForDeploymentPostprocessing = 0;
			shellPath = /bin/sh;
			shellScript = "diff \"${PODS_PODFILE_DIR_PATH}/Podfile.lock\" \"${PODS_ROOT}/Manifest.lock\" > /dev/null\nif [ $? != 0 ] ; then\n    # print error to STDERR\n    echo \"error: The sandbox is not in sync with the Podfile.lock. Run 'pod install' or update your CocoaPods installation.\" >&2\n    exit 1\nfi\n# This output is used by Xcode 'outputs' to avoid re-running this script phase.\necho \"SUCCESS\" > \"${SCRIPT_OUTPUT_FILE_0}\"\n";
			showEnvVarsInLog = 0;
		};
		22344BAE041723DA43E379AF /* [CP] Check Pods Manifest.lock */ = {
			isa = PBXShellScriptBuildPhase;
			buildActionMask = 2147483647;
			files = (
			);
			inputFileListPaths = (
			);
			inputPaths = (
				"${PODS_PODFILE_DIR_PATH}/Podfile.lock",
				"${PODS_ROOT}/Manifest.lock",
			);
			name = "[CP] Check Pods Manifest.lock";
			outputFileListPaths = (
			);
			outputPaths = (
				"$(DERIVED_FILE_DIR)/Pods-GraySky-checkManifestLockResult.txt",
			);
			runOnlyForDeploymentPostprocessing = 0;
			shellPath = /bin/sh;
			shellScript = "diff \"${PODS_PODFILE_DIR_PATH}/Podfile.lock\" \"${PODS_ROOT}/Manifest.lock\" > /dev/null\nif [ $? != 0 ] ; then\n    # print error to STDERR\n    echo \"error: The sandbox is not in sync with the Podfile.lock. Run 'pod install' or update your CocoaPods installation.\" >&2\n    exit 1\nfi\n# This output is used by Xcode 'outputs' to avoid re-running this script phase.\necho \"SUCCESS\" > \"${SCRIPT_OUTPUT_FILE_0}\"\n";
			showEnvVarsInLog = 0;
		};
		272D45BE3DBECEE03E9D33CA /* [CP] Embed Pods Frameworks */ = {
			isa = PBXShellScriptBuildPhase;
			buildActionMask = 2147483647;
			files = (
			);
			inputFileListPaths = (
				"${PODS_ROOT}/Target Support Files/Pods-GraySky/Pods-GraySky-frameworks-${CONFIGURATION}-input-files.xcfilelist",
			);
			name = "[CP] Embed Pods Frameworks";
			outputFileListPaths = (
				"${PODS_ROOT}/Target Support Files/Pods-GraySky/Pods-GraySky-frameworks-${CONFIGURATION}-output-files.xcfilelist",
			);
			runOnlyForDeploymentPostprocessing = 0;
			shellPath = /bin/sh;
			shellScript = "\"${PODS_ROOT}/Target Support Files/Pods-GraySky/Pods-GraySky-frameworks.sh\"\n";
			showEnvVarsInLog = 0;
		};
		751F1F95AABC4AE3B7BFFFA0 /* [CP] Embed Pods Frameworks */ = {
			isa = PBXShellScriptBuildPhase;
			buildActionMask = 2147483647;
			files = (
			);
			inputFileListPaths = (
				"${PODS_ROOT}/Target Support Files/Pods-GraySky-GraySkyUITests/Pods-GraySky-GraySkyUITests-frameworks-${CONFIGURATION}-input-files.xcfilelist",
			);
			name = "[CP] Embed Pods Frameworks";
			outputFileListPaths = (
				"${PODS_ROOT}/Target Support Files/Pods-GraySky-GraySkyUITests/Pods-GraySky-GraySkyUITests-frameworks-${CONFIGURATION}-output-files.xcfilelist",
			);
			runOnlyForDeploymentPostprocessing = 0;
			shellPath = /bin/sh;
			shellScript = "\"${PODS_ROOT}/Target Support Files/Pods-GraySky-GraySkyUITests/Pods-GraySky-GraySkyUITests-frameworks.sh\"\n";
			showEnvVarsInLog = 0;
		};
		B5BC1E750D9C7A87E5950CB2 /* [CP] Check Pods Manifest.lock */ = {
			isa = PBXShellScriptBuildPhase;
			buildActionMask = 2147483647;
			files = (
			);
			inputFileListPaths = (
			);
			inputPaths = (
				"${PODS_PODFILE_DIR_PATH}/Podfile.lock",
				"${PODS_ROOT}/Manifest.lock",
			);
			name = "[CP] Check Pods Manifest.lock";
			outputFileListPaths = (
			);
			outputPaths = (
				"$(DERIVED_FILE_DIR)/Pods-GraySky-GraySkyUITests-checkManifestLockResult.txt",
			);
			runOnlyForDeploymentPostprocessing = 0;
			shellPath = /bin/sh;
			shellScript = "diff \"${PODS_PODFILE_DIR_PATH}/Podfile.lock\" \"${PODS_ROOT}/Manifest.lock\" > /dev/null\nif [ $? != 0 ] ; then\n    # print error to STDERR\n    echo \"error: The sandbox is not in sync with the Podfile.lock. Run 'pod install' or update your CocoaPods installation.\" >&2\n    exit 1\nfi\n# This output is used by Xcode 'outputs' to avoid re-running this script phase.\necho \"SUCCESS\" > \"${SCRIPT_OUTPUT_FILE_0}\"\n";
			showEnvVarsInLog = 0;
		};
/* End PBXShellScriptBuildPhase section */

/* Begin PBXSourcesBuildPhase section */
		85993C382D31D241004DE7E7 /* Sources */ = {
			isa = PBXSourcesBuildPhase;
			buildActionMask = 2147483647;
			files = (
			);
			runOnlyForDeploymentPostprocessing = 0;
		};
		85993C4E2D31D243004DE7E7 /* Sources */ = {
			isa = PBXSourcesBuildPhase;
			buildActionMask = 2147483647;
			files = (
			);
			runOnlyForDeploymentPostprocessing = 0;
		};
		85993C582D31D243004DE7E7 /* Sources */ = {
			isa = PBXSourcesBuildPhase;
			buildActionMask = 2147483647;
			files = (
			);
			runOnlyForDeploymentPostprocessing = 0;
		};
/* End PBXSourcesBuildPhase section */

/* Begin PBXTargetDependency section */
		85993C542D31D243004DE7E7 /* PBXTargetDependency */ = {
			isa = PBXTargetDependency;
			target = 85993C3B2D31D241004DE7E7 /* GraySky */;
			targetProxy = 85993C532D31D243004DE7E7 /* PBXContainerItemProxy */;
		};
		85993C5E2D31D243004DE7E7 /* PBXTargetDependency */ = {
			isa = PBXTargetDependency;
			target = 85993C3B2D31D241004DE7E7 /* GraySky */;
			targetProxy = 85993C5D2D31D243004DE7E7 /* PBXContainerItemProxy */;
		};
/* End PBXTargetDependency section */

/* Begin XCBuildConfiguration section */
		85993C662D31D243004DE7E7 /* Debug */ = {
			isa = XCBuildConfiguration;
			baseConfigurationReference = 11AFF3031CC025CAB5555E6D /* Pods-GraySky.debug.xcconfig */;
			buildSettings = {
				ASSETCATALOG_COMPILER_APPICON_NAME = AppIcon;
				ASSETCATALOG_COMPILER_GLOBAL_ACCENT_COLOR_NAME = AccentColor;
				CODE_SIGN_STYLE = Automatic;
				CURRENT_PROJECT_VERSION = 1;
				DEVELOPMENT_TEAM = 6YANNN5W87;
				GENERATE_INFOPLIST_FILE = YES;
				INFOPLIST_FILE = GraySky/Info.plist;
				INFOPLIST_KEY_UIApplicationSupportsIndirectInputEvents = YES;
				INFOPLIST_KEY_UILaunchStoryboardName = LaunchScreen;
				INFOPLIST_KEY_UIMainStoryboardFile = Main;
				INFOPLIST_KEY_UISupportedInterfaceOrientations_iPad = "UIInterfaceOrientationPortrait UIInterfaceOrientationPortraitUpsideDown UIInterfaceOrientationLandscapeLeft UIInterfaceOrientationLandscapeRight";
				INFOPLIST_KEY_UISupportedInterfaceOrientations_iPhone = "UIInterfaceOrientationPortrait UIInterfaceOrientationLandscapeLeft UIInterfaceOrientationLandscapeRight";
				LD_RUNPATH_SEARCH_PATHS = (
					"$(inherited)",
					"@executable_path/Frameworks",
				);
				MARKETING_VERSION = 1.0;
				PRODUCT_BUNDLE_IDENTIFIER = uk.GraySky;
				PRODUCT_NAME = "$(TARGET_NAME)";
				SWIFT_EMIT_LOC_STRINGS = YES;
				SWIFT_VERSION = 5.0;
				TARGETED_DEVICE_FAMILY = "1,2";
			};
			name = Debug;
		};
		85993C672D31D243004DE7E7 /* Release */ = {
			isa = XCBuildConfiguration;
			baseConfigurationReference = 62B5612DB7A0BB878C1DC294 /* Pods-GraySky.release.xcconfig */;
			buildSettings = {
				ASSETCATALOG_COMPILER_APPICON_NAME = AppIcon;
				ASSETCATALOG_COMPILER_GLOBAL_ACCENT_COLOR_NAME = AccentColor;
				CODE_SIGN_STYLE = Automatic;
				CURRENT_PROJECT_VERSION = 1;
				DEVELOPMENT_TEAM = 6YANNN5W87;
				GENERATE_INFOPLIST_FILE = YES;
				INFOPLIST_FILE = GraySky/Info.plist;
				INFOPLIST_KEY_UIApplicationSupportsIndirectInputEvents = YES;
				INFOPLIST_KEY_UILaunchStoryboardName = LaunchScreen;
				INFOPLIST_KEY_UIMainStoryboardFile = Main;
				INFOPLIST_KEY_UISupportedInterfaceOrientations_iPad = "UIInterfaceOrientationPortrait UIInterfaceOrientationPortraitUpsideDown UIInterfaceOrientationLandscapeLeft UIInterfaceOrientationLandscapeRight";
				INFOPLIST_KEY_UISupportedInterfaceOrientations_iPhone = "UIInterfaceOrientationPortrait UIInterfaceOrientationLandscapeLeft UIInterfaceOrientationLandscapeRight";
				LD_RUNPATH_SEARCH_PATHS = (
					"$(inherited)",
					"@executable_path/Frameworks",
				);
				MARKETING_VERSION = 1.0;
				PRODUCT_BUNDLE_IDENTIFIER = uk.GraySky;
				PRODUCT_NAME = "$(TARGET_NAME)";
				SWIFT_EMIT_LOC_STRINGS = YES;
				SWIFT_VERSION = 5.0;
				TARGETED_DEVICE_FAMILY = "1,2";
			};
			name = Release;
		};
		85993C682D31D243004DE7E7 /* Debug */ = {
			isa = XCBuildConfiguration;
			buildSettings = {
				ALWAYS_SEARCH_USER_PATHS = NO;
				ASSETCATALOG_COMPILER_GENERATE_SWIFT_ASSET_SYMBOL_EXTENSIONS = YES;
				CLANG_ANALYZER_NONNULL = YES;
				CLANG_ANALYZER_NUMBER_OBJECT_CONVERSION = YES_AGGRESSIVE;
				CLANG_CXX_LANGUAGE_STANDARD = "gnu++20";
				CLANG_ENABLE_MODULES = YES;
				CLANG_ENABLE_OBJC_ARC = YES;
				CLANG_ENABLE_OBJC_WEAK = YES;
				CLANG_WARN_BLOCK_CAPTURE_AUTORELEASING = YES;
				CLANG_WARN_BOOL_CONVERSION = YES;
				CLANG_WARN_COMMA = YES;
				CLANG_WARN_CONSTANT_CONVERSION = YES;
				CLANG_WARN_DEPRECATED_OBJC_IMPLEMENTATIONS = YES;
				CLANG_WARN_DIRECT_OBJC_ISA_USAGE = YES_ERROR;
				CLANG_WARN_DOCUMENTATION_COMMENTS = YES;
				CLANG_WARN_EMPTY_BODY = YES;
				CLANG_WARN_ENUM_CONVERSION = YES;
				CLANG_WARN_INFINITE_RECURSION = YES;
				CLANG_WARN_INT_CONVERSION = YES;
				CLANG_WARN_NON_LITERAL_NULL_CONVERSION = YES;
				CLANG_WARN_OBJC_IMPLICIT_RETAIN_SELF = YES;
				CLANG_WARN_OBJC_LITERAL_CONVERSION = YES;
				CLANG_WARN_OBJC_ROOT_CLASS = YES_ERROR;
				CLANG_WARN_QUOTED_INCLUDE_IN_FRAMEWORK_HEADER = YES;
				CLANG_WARN_RANGE_LOOP_ANALYSIS = YES;
				CLANG_WARN_STRICT_PROTOTYPES = YES;
				CLANG_WARN_SUSPICIOUS_MOVE = YES;
				CLANG_WARN_UNGUARDED_AVAILABILITY = YES_AGGRESSIVE;
				CLANG_WARN_UNREACHABLE_CODE = YES;
				CLANG_WARN__DUPLICATE_METHOD_MATCH = YES;
				COPY_PHASE_STRIP = NO;
				DEBUG_INFORMATION_FORMAT = dwarf;
				ENABLE_STRICT_OBJC_MSGSEND = YES;
				ENABLE_TESTABILITY = YES;
				ENABLE_USER_SCRIPT_SANDBOXING = YES;
				GCC_C_LANGUAGE_STANDARD = gnu17;
				GCC_DYNAMIC_NO_PIC = NO;
				GCC_NO_COMMON_BLOCKS = YES;
				GCC_OPTIMIZATION_LEVEL = 0;
				GCC_PREPROCESSOR_DEFINITIONS = (
					"DEBUG=1",
					"$(inherited)",
				);
				GCC_WARN_64_TO_32_BIT_CONVERSION = YES;
				GCC_WARN_ABOUT_RETURN_TYPE = YES_ERROR;
				GCC_WARN_UNDECLARED_SELECTOR = YES;
				GCC_WARN_UNINITIALIZED_AUTOS = YES_AGGRESSIVE;
				GCC_WARN_UNUSED_FUNCTION = YES;
				GCC_WARN_UNUSED_VARIABLE = YES;
				IPHONEOS_DEPLOYMENT_TARGET = 18.2;
				LOCALIZATION_PREFERS_STRING_CATALOGS = YES;
				MTL_ENABLE_DEBUG_INFO = INCLUDE_SOURCE;
				MTL_FAST_MATH = YES;
				ONLY_ACTIVE_ARCH = YES;
				SDKROOT = iphoneos;
				SWIFT_ACTIVE_COMPILATION_CONDITIONS = "DEBUG $(inherited)";
				SWIFT_OPTIMIZATION_LEVEL = "-Onone";
			};
			name = Debug;
		};
		85993C692D31D243004DE7E7 /* Release */ = {
			isa = XCBuildConfiguration;
			buildSettings = {
				ALWAYS_SEARCH_USER_PATHS = NO;
				ASSETCATALOG_COMPILER_GENERATE_SWIFT_ASSET_SYMBOL_EXTENSIONS = YES;
				CLANG_ANALYZER_NONNULL = YES;
				CLANG_ANALYZER_NUMBER_OBJECT_CONVERSION = YES_AGGRESSIVE;
				CLANG_CXX_LANGUAGE_STANDARD = "gnu++20";
				CLANG_ENABLE_MODULES = YES;
				CLANG_ENABLE_OBJC_ARC = YES;
				CLANG_ENABLE_OBJC_WEAK = YES;
				CLANG_WARN_BLOCK_CAPTURE_AUTORELEASING = YES;
				CLANG_WARN_BOOL_CONVERSION = YES;
				CLANG_WARN_COMMA = YES;
				CLANG_WARN_CONSTANT_CONVERSION = YES;
				CLANG_WARN_DEPRECATED_OBJC_IMPLEMENTATIONS = YES;
				CLANG_WARN_DIRECT_OBJC_ISA_USAGE = YES_ERROR;
				CLANG_WARN_DOCUMENTATION_COMMENTS = YES;
				CLANG_WARN_EMPTY_BODY = YES;
				CLANG_WARN_ENUM_CONVERSION = YES;
				CLANG_WARN_INFINITE_RECURSION = YES;
				CLANG_WARN_INT_CONVERSION = YES;
				CLANG_WARN_NON_LITERAL_NULL_CONVERSION = YES;
				CLANG_WARN_OBJC_IMPLICIT_RETAIN_SELF = YES;
				CLANG_WARN_OBJC_LITERAL_CONVERSION = YES;
				CLANG_WARN_OBJC_ROOT_CLASS = YES_ERROR;
				CLANG_WARN_QUOTED_INCLUDE_IN_FRAMEWORK_HEADER = YES;
				CLANG_WARN_RANGE_LOOP_ANALYSIS = YES;
				CLANG_WARN_STRICT_PROTOTYPES = YES;
				CLANG_WARN_SUSPICIOUS_MOVE = YES;
				CLANG_WARN_UNGUARDED_AVAILABILITY = YES_AGGRESSIVE;
				CLANG_WARN_UNREACHABLE_CODE = YES;
				CLANG_WARN__DUPLICATE_METHOD_MATCH = YES;
				COPY_PHASE_STRIP = NO;
				DEBUG_INFORMATION_FORMAT = "dwarf-with-dsym";
				ENABLE_NS_ASSERTIONS = NO;
				ENABLE_STRICT_OBJC_MSGSEND = YES;
				ENABLE_USER_SCRIPT_SANDBOXING = YES;
				GCC_C_LANGUAGE_STANDARD = gnu17;
				GCC_NO_COMMON_BLOCKS = YES;
				GCC_WARN_64_TO_32_BIT_CONVERSION = YES;
				GCC_WARN_ABOUT_RETURN_TYPE = YES_ERROR;
				GCC_WARN_UNDECLARED_SELECTOR = YES;
				GCC_WARN_UNINITIALIZED_AUTOS = YES_AGGRESSIVE;
				GCC_WARN_UNUSED_FUNCTION = YES;
				GCC_WARN_UNUSED_VARIABLE = YES;
				IPHONEOS_DEPLOYMENT_TARGET = 18.2;
				LOCALIZATION_PREFERS_STRING_CATALOGS = YES;
				MTL_ENABLE_DEBUG_INFO = NO;
				MTL_FAST_MATH = YES;
				SDKROOT = iphoneos;
				SWIFT_COMPILATION_MODE = wholemodule;
				VALIDATE_PRODUCT = YES;
			};
			name = Release;
		};
		85993C6B2D31D243004DE7E7 /* Debug */ = {
			isa = XCBuildConfiguration;
			baseConfigurationReference = 60AAA199546DF7D545033581 /* Pods-GraySkyTests.debug.xcconfig */;
			buildSettings = {
				BUNDLE_LOADER = "$(TEST_HOST)";
				CODE_SIGN_STYLE = Automatic;
				CURRENT_PROJECT_VERSION = 1;
				DEVELOPMENT_TEAM = 6YANNN5W87;
				GENERATE_INFOPLIST_FILE = YES;
				IPHONEOS_DEPLOYMENT_TARGET = 18.2;
				MARKETING_VERSION = 1.0;
				PRODUCT_BUNDLE_IDENTIFIER = uk.GraySkyTests;
				PRODUCT_NAME = "$(TARGET_NAME)";
				SWIFT_EMIT_LOC_STRINGS = NO;
				SWIFT_VERSION = 5.0;
				TARGETED_DEVICE_FAMILY = "1,2";
				TEST_HOST = "$(BUILT_PRODUCTS_DIR)/GraySky.app/$(BUNDLE_EXECUTABLE_FOLDER_PATH)/GraySky";
			};
			name = Debug;
		};
		85993C6C2D31D243004DE7E7 /* Release */ = {
			isa = XCBuildConfiguration;
			baseConfigurationReference = 15A0EDB19CAC70E4F63096BA /* Pods-GraySkyTests.release.xcconfig */;
			buildSettings = {
				BUNDLE_LOADER = "$(TEST_HOST)";
				CODE_SIGN_STYLE = Automatic;
				CURRENT_PROJECT_VERSION = 1;
				DEVELOPMENT_TEAM = 6YANNN5W87;
				GENERATE_INFOPLIST_FILE = YES;
				IPHONEOS_DEPLOYMENT_TARGET = 18.2;
				MARKETING_VERSION = 1.0;
				PRODUCT_BUNDLE_IDENTIFIER = uk.GraySkyTests;
				PRODUCT_NAME = "$(TARGET_NAME)";
				SWIFT_EMIT_LOC_STRINGS = NO;
				SWIFT_VERSION = 5.0;
				TARGETED_DEVICE_FAMILY = "1,2";
				TEST_HOST = "$(BUILT_PRODUCTS_DIR)/GraySky.app/$(BUNDLE_EXECUTABLE_FOLDER_PATH)/GraySky";
			};
			name = Release;
		};
		85993C6E2D31D243004DE7E7 /* Debug */ = {
			isa = XCBuildConfiguration;
			baseConfigurationReference = 0724C93357A57CD2E308A807 /* Pods-GraySky-GraySkyUITests.debug.xcconfig */;
			buildSettings = {
				CODE_SIGN_STYLE = Automatic;
				CURRENT_PROJECT_VERSION = 1;
				DEVELOPMENT_TEAM = 6YANNN5W87;
				GENERATE_INFOPLIST_FILE = YES;
				MARKETING_VERSION = 1.0;
				PRODUCT_BUNDLE_IDENTIFIER = uk.GraySkyUITests;
				PRODUCT_NAME = "$(TARGET_NAME)";
				SWIFT_EMIT_LOC_STRINGS = NO;
				SWIFT_VERSION = 5.0;
				TARGETED_DEVICE_FAMILY = "1,2";
				TEST_TARGET_NAME = GraySky;
			};
			name = Debug;
		};
		85993C6F2D31D243004DE7E7 /* Release */ = {
			isa = XCBuildConfiguration;
			baseConfigurationReference = FC5317AA4BC764D01BF0C4C7 /* Pods-GraySky-GraySkyUITests.release.xcconfig */;
			buildSettings = {
				CODE_SIGN_STYLE = Automatic;
				CURRENT_PROJECT_VERSION = 1;
				DEVELOPMENT_TEAM = 6YANNN5W87;
				GENERATE_INFOPLIST_FILE = YES;
				MARKETING_VERSION = 1.0;
				PRODUCT_BUNDLE_IDENTIFIER = uk.GraySkyUITests;
				PRODUCT_NAME = "$(TARGET_NAME)";
				SWIFT_EMIT_LOC_STRINGS = NO;
				SWIFT_VERSION = 5.0;
				TARGETED_DEVICE_FAMILY = "1,2";
				TEST_TARGET_NAME = GraySky;
			};
			name = Release;
		};
/* End XCBuildConfiguration section */

/* Begin XCConfigurationList section */
		85993C372D31D241004DE7E7 /* Build configuration list for PBXProject "GraySky" */ = {
			isa = XCConfigurationList;
			buildConfigurations = (
				85993C682D31D243004DE7E7 /* Debug */,
				85993C692D31D243004DE7E7 /* Release */,
			);
			defaultConfigurationIsVisible = 0;
			defaultConfigurationName = Release;
		};
		85993C652D31D243004DE7E7 /* Build configuration list for PBXNativeTarget "GraySky" */ = {
			isa = XCConfigurationList;
			buildConfigurations = (
				85993C662D31D243004DE7E7 /* Debug */,
				85993C672D31D243004DE7E7 /* Release */,
			);
			defaultConfigurationIsVisible = 0;
			defaultConfigurationName = Release;
		};
		85993C6A2D31D243004DE7E7 /* Build configuration list for PBXNativeTarget "GraySkyTests" */ = {
			isa = XCConfigurationList;
			buildConfigurations = (
				85993C6B2D31D243004DE7E7 /* Debug */,
				85993C6C2D31D243004DE7E7 /* Release */,
			);
			defaultConfigurationIsVisible = 0;
			defaultConfigurationName = Release;
		};
		85993C6D2D31D243004DE7E7 /* Build configuration list for PBXNativeTarget "GraySkyUITests" */ = {
			isa = XCConfigurationList;
			buildConfigurations = (
				85993C6E2D31D243004DE7E7 /* Debug */,
				85993C6F2D31D243004DE7E7 /* Release */,
			);
			defaultConfigurationIsVisible = 0;
			defaultConfigurationName = Release;
		};
/* End XCConfigurationList section */
	};
	rootObject = 85993C342D31D241004DE7E7 /* Project object */;
}
